
Microsoft Visual Studio Solution File, Format Version 12.00
# Visual Studio Version 17
VisualStudioVersion = 17.4.33122.133
MinimumVisualStudioVersion = 10.0.40219.1
Project("{FAE04EC0-301F-11D3-BF4B-00C04F79EFBC}") = "ComSystem", "ComSystem\ComSystem.csproj", "{7144EEE5-695C-4A32-9BD6-5AFE010B42EE}"
EndProject
Global
	GlobalSection(SolutionConfigurationPlatforms) = preSolution
		Debug|Any CPU = Debug|Any CPU
		Release|Any CPU = Release|Any CPU
	EndGlobalSection
	GlobalSection(ProjectConfigurationPlatforms) = postSolution
		{7144EEE5-695C-4A32-9BD6-5AFE010B42EE}.Debug|Any CPU.ActiveCfg = Debug|Any CPU
		{7144EEE5-695C-4A32-9BD6-5AFE010B42EE}.Debug|Any CPU.Build.0 = Debug|Any CPU
		{7144EEE5-695C-4A32-9BD6-5AFE010B42EE}.Release|Any CPU.ActiveCfg = Release|Any CPU
		{7144EEE5-695C-4A32-9BD6-5AFE010B42EE}.Release|Any CPU.Build.0 = Release|Any CPU
	EndGlobalSection
	GlobalSection(SolutionProperties) = preSolution
		HideSolutionNode = FALSE
	EndGlobalSection
	GlobalSection(ExtensibilityGlobals) = postSolution
		SolutionGuid = {08C6D420-0A60-40AE-BE49-EF5E39CBF4F0}
	EndGlobalSection
EndGlobal
