
Microsoft Visual Studio Solution File, Format Version 12.00
# Visual Studio Version 17
VisualStudioVersion = 17.4.33122.133
MinimumVisualStudioVersion = 10.0.40219.1
Project("{FAE04EC0-301F-11D3-BF4B-00C04F79EFBC}") = "Rucksack", "Rucksack\Rucksack.csproj", "{6FF2033C-7AFA-42A9-A162-34A3F42834FC}"
EndProject
Global
	GlobalSection(SolutionConfigurationPlatforms) = preSolution
		Debug|Any CPU = Debug|Any CPU
		Release|Any CPU = Release|Any CPU
	EndGlobalSection
	GlobalSection(ProjectConfigurationPlatforms) = postSolution
		{6FF2033C-7AFA-42A9-A162-34A3F42834FC}.Debug|Any CPU.ActiveCfg = Debug|Any CPU
		{6FF2033C-7AFA-42A9-A162-34A3F42834FC}.Debug|Any CPU.Build.0 = Debug|Any CPU
		{6FF2033C-7AFA-42A9-A162-34A3F42834FC}.Release|Any CPU.ActiveCfg = Release|Any CPU
		{6FF2033C-7AFA-42A9-A162-34A3F42834FC}.Release|Any CPU.Build.0 = Release|Any CPU
	EndGlobalSection
	GlobalSection(SolutionProperties) = preSolution
		HideSolutionNode = FALSE
	EndGlobalSection
	GlobalSection(ExtensibilityGlobals) = postSolution
		SolutionGuid = {4A28AE2E-46F2-4886-903A-73A5D0377F73}
	EndGlobalSection
EndGlobal
